// !$*UTF8*$!
{
	archiveVersion = 1;
	classes = {
	};
	objectVersion = 56;
	objects = {

/* Begin PBXBuildFile section */
		88CC1BF729C45C320033BCD6 /* ChatGPT_HackathonApp.swift in Sources */ = {isa = PBXBuildFile; fileRef = 88CC1BF629C45C320033BCD6 /* ChatGPT_HackathonApp.swift */; };
		88CC1BF929C45C320033BCD6 /* ContentView.swift in Sources */ = {isa = PBXBuildFile; fileRef = 88CC1BF829C45C320033BCD6 /* ContentView.swift */; };
		88CC1BFB29C45C330033BCD6 /* Assets.xcassets in Resources */ = {isa = PBXBuildFile; fileRef = 88CC1BFA29C45C330033BCD6 /* Assets.xcassets */; };
		88CC1BFE29C45C330033BCD6 /* Preview Assets.xcassets in Resources */ = {isa = PBXBuildFile; fileRef = 88CC1BFD29C45C330033BCD6 /* Preview Assets.xcassets */; };
		88CC1C0529C4A2DD0033BCD6 /* WordItem.swift in Sources */ = {isa = PBXBuildFile; fileRef = 88CC1C0429C4A2DD0033BCD6 /* WordItem.swift */; };
		88CC1C0929C5932F0033BCD6 /* MainView.swift in Sources */ = {isa = PBXBuildFile; fileRef = 88CC1C0829C5932F0033BCD6 /* MainView.swift */; };
		EFC418FC29C5D32300948889 /* ChatModel.swift in Sources */ = {isa = PBXBuildFile; fileRef = EFC418FB29C5D32300948889 /* ChatModel.swift */; };
		EFC418FE29C5D33400948889 /* ChatViewModel.swift in Sources */ = {isa = PBXBuildFile; fileRef = EFC418FD29C5D33400948889 /* ChatViewModel.swift */; };
		EFC4190029C5D34C00948889 /* ChatView.swift in Sources */ = {isa = PBXBuildFile; fileRef = EFC418FF29C5D34C00948889 /* ChatView.swift */; };
		EFC4190229C5DAAD00948889 /* VoiceViewModel.swift in Sources */ = {isa = PBXBuildFile; fileRef = EFC4190129C5DAAD00948889 /* VoiceViewModel.swift */; };
/* End PBXBuildFile section */

/* Begin PBXFileReference section */
		88CC1BF329C45C320033BCD6 /* ChatGPT-Hackathon.app */ = {isa = PBXFileReference; explicitFileType = wrapper.application; includeInIndex = 0; path = "ChatGPT-Hackathon.app"; sourceTree = BUILT_PRODUCTS_DIR; };
		88CC1BF629C45C320033BCD6 /* ChatGPT_HackathonApp.swift */ = {isa = PBXFileReference; lastKnownFileType = sourcecode.swift; path = ChatGPT_HackathonApp.swift; sourceTree = "<group>"; };
		88CC1BF829C45C320033BCD6 /* ContentView.swift */ = {isa = PBXFileReference; lastKnownFileType = sourcecode.swift; path = ContentView.swift; sourceTree = "<group>"; };
		88CC1BFA29C45C330033BCD6 /* Assets.xcassets */ = {isa = PBXFileReference; lastKnownFileType = folder.assetcatalog; path = Assets.xcassets; sourceTree = "<group>"; };
		88CC1BFD29C45C330033BCD6 /* Preview Assets.xcassets */ = {isa = PBXFileReference; lastKnownFileType = folder.assetcatalog; path = "Preview Assets.xcassets"; sourceTree = "<group>"; };
		88CC1C0429C4A2DD0033BCD6 /* WordItem.swift */ = {isa = PBXFileReference; lastKnownFileType = sourcecode.swift; path = WordItem.swift; sourceTree = "<group>"; };
		88CC1C0829C5932F0033BCD6 /* MainView.swift */ = {isa = PBXFileReference; lastKnownFileType = sourcecode.swift; path = MainView.swift; sourceTree = "<group>"; };
		EFC418FB29C5D32300948889 /* ChatModel.swift */ = {isa = PBXFileReference; fileEncoding = 4; lastKnownFileType = sourcecode.swift; path = ChatModel.swift; sourceTree = "<group>"; };
		EFC418FD29C5D33400948889 /* ChatViewModel.swift */ = {isa = PBXFileReference; fileEncoding = 4; lastKnownFileType = sourcecode.swift; path = ChatViewModel.swift; sourceTree = "<group>"; };
		EFC418FF29C5D34C00948889 /* ChatView.swift */ = {isa = PBXFileReference; fileEncoding = 4; lastKnownFileType = sourcecode.swift; path = ChatView.swift; sourceTree = "<group>"; };
		EFC4190129C5DAAD00948889 /* VoiceViewModel.swift */ = {isa = PBXFileReference; lastKnownFileType = sourcecode.swift; path = VoiceViewModel.swift; sourceTree = "<group>"; };
/* End PBXFileReference section */

/* Begin PBXFrameworksBuildPhase section */
		88CC1BF029C45C320033BCD6 /* Frameworks */ = {
			isa = PBXFrameworksBuildPhase;
			buildActionMask = 2147483647;
			files = (
			);
			runOnlyForDeploymentPostprocessing = 0;
		};
/* End PBXFrameworksBuildPhase section */

/* Begin PBXGroup section */
		88CC1BEA29C45C320033BCD6 = {
			isa = PBXGroup;
			children = (
				88CC1BF529C45C320033BCD6 /* ChatGPT-Hackathon */,
				88CC1BF429C45C320033BCD6 /* Products */,
			);
			sourceTree = "<group>";
		};
		88CC1BF429C45C320033BCD6 /* Products */ = {
			isa = PBXGroup;
			children = (
				88CC1BF329C45C320033BCD6 /* ChatGPT-Hackathon.app */,
			);
			name = Products;
			sourceTree = "<group>";
		};
		88CC1BF529C45C320033BCD6 /* ChatGPT-Hackathon */ = {
			isa = PBXGroup;
			children = (
				88EA107229C5C6B6007D7CE3 /* ViewModel */,
				88EA107129C5C6A0007D7CE3 /* Model */,
				88EA107029C5C694007D7CE3 /* View */,
				88CC1BF629C45C320033BCD6 /* ChatGPT_HackathonApp.swift */,
				88CC1BFA29C45C330033BCD6 /* Assets.xcassets */,
				88CC1BFC29C45C330033BCD6 /* Preview Content */,
			);
			path = "ChatGPT-Hackathon";
			sourceTree = "<group>";
		};
		88CC1BFC29C45C330033BCD6 /* Preview Content */ = {
			isa = PBXGroup;
			children = (
				88CC1BFD29C45C330033BCD6 /* Preview Assets.xcassets */,
			);
			path = "Preview Content";
			sourceTree = "<group>";
		};
		88EA107029C5C694007D7CE3 /* View */ = {
			isa = PBXGroup;
			children = (
				EFC418FF29C5D34C00948889 /* ChatView.swift */,
				88CC1C0829C5932F0033BCD6 /* MainView.swift */,
				88CC1BF829C45C320033BCD6 /* ContentView.swift */,
				88CC1C0429C4A2DD0033BCD6 /* WordItem.swift */,
			);
			path = View;
			sourceTree = "<group>";
		};
		88EA107129C5C6A0007D7CE3 /* Model */ = {
			isa = PBXGroup;
			children = (
				EFC418FB29C5D32300948889 /* ChatModel.swift */,
			);
			path = Model;
			sourceTree = "<group>";
		};
		88EA107229C5C6B6007D7CE3 /* ViewModel */ = {
			isa = PBXGroup;
			children = (
				EFC418FD29C5D33400948889 /* ChatViewModel.swift */,
				EFC4190129C5DAAD00948889 /* VoiceViewModel.swift */,
			);
			path = ViewModel;
			sourceTree = "<group>";
		};
/* End PBXGroup section */

/* Begin PBXNativeTarget section */
		88CC1BF229C45C320033BCD6 /* ChatGPT-Hackathon */ = {
			isa = PBXNativeTarget;
			buildConfigurationList = 88CC1C0129C45C330033BCD6 /* Build configuration list for PBXNativeTarget "ChatGPT-Hackathon" */;
			buildPhases = (
				88CC1BEF29C45C320033BCD6 /* Sources */,
				88CC1BF029C45C320033BCD6 /* Frameworks */,
				88CC1BF129C45C320033BCD6 /* Resources */,
			);
			buildRules = (
			);
			dependencies = (
			);
			name = "ChatGPT-Hackathon";
			productName = "ChatGPT-Hackathon";
			productReference = 88CC1BF329C45C320033BCD6 /* ChatGPT-Hackathon.app */;
			productType = "com.apple.product-type.application";
		};
/* End PBXNativeTarget section */

/* Begin PBXProject section */
		88CC1BEB29C45C320033BCD6 /* Project object */ = {
			isa = PBXProject;
			attributes = {
				BuildIndependentTargetsInParallel = 1;
				LastSwiftUpdateCheck = 1410;
				LastUpgradeCheck = 1410;
				TargetAttributes = {
					88CC1BF229C45C320033BCD6 = {
						CreatedOnToolsVersion = 14.1;
					};
				};
			};
			buildConfigurationList = 88CC1BEE29C45C320033BCD6 /* Build configuration list for PBXProject "ChatGPT-Hackathon" */;
			compatibilityVersion = "Xcode 14.0";
			developmentRegion = en;
			hasScannedForEncodings = 0;
			knownRegions = (
				en,
				Base,
			);
			mainGroup = 88CC1BEA29C45C320033BCD6;
			productRefGroup = 88CC1BF429C45C320033BCD6 /* Products */;
			projectDirPath = "";
			projectRoot = "";
			targets = (
				88CC1BF229C45C320033BCD6 /* ChatGPT-Hackathon */,
			);
		};
/* End PBXProject section */

/* Begin PBXResourcesBuildPhase section */
		88CC1BF129C45C320033BCD6 /* Resources */ = {
			isa = PBXResourcesBuildPhase;
			buildActionMask = 2147483647;
			files = (
				88CC1BFE29C45C330033BCD6 /* Preview Assets.xcassets in Resources */,
				88CC1BFB29C45C330033BCD6 /* Assets.xcassets in Resources */,
			);
			runOnlyForDeploymentPostprocessing = 0;
		};
/* End PBXResourcesBuildPhase section */

/* Begin PBXSourcesBuildPhase section */
		88CC1BEF29C45C320033BCD6 /* Sources */ = {
			isa = PBXSourcesBuildPhase;
			buildActionMask = 2147483647;
			files = (
				88CC1BF929C45C320033BCD6 /* ContentView.swift in Sources */,
				EFC4190229C5DAAD00948889 /* VoiceViewModel.swift in Sources */,
				EFC418FC29C5D32300948889 /* ChatModel.swift in Sources */,
				88CC1C0529C4A2DD0033BCD6 /* WordItem.swift in Sources */,
				88CC1C0929C5932F0033BCD6 /* MainView.swift in Sources */,
				EFC4190029C5D34C00948889 /* ChatView.swift in Sources */,
				EFC418FE29C5D33400948889 /* ChatViewModel.swift in Sources */,
				88CC1BF729C45C320033BCD6 /* ChatGPT_HackathonApp.swift in Sources */,
			);
			runOnlyForDeploymentPostprocessing = 0;
		};
/* End PBXSourcesBuildPhase section */

/* Begin XCBuildConfiguration section */
		88CC1BFF29C45C330033BCD6 /* Debug */ = {
			isa = XCBuildConfiguration;
			buildSettings = {
				ALWAYS_SEARCH_USER_PATHS = NO;
				CLANG_ANALYZER_NONNULL = YES;
				CLANG_ANALYZER_NUMBER_OBJECT_CONVERSION = YES_AGGRESSIVE;
				CLANG_CXX_LANGUAGE_STANDARD = "gnu++20";
				CLANG_ENABLE_MODULES = YES;
				CLANG_ENABLE_OBJC_ARC = YES;
				CLANG_ENABLE_OBJC_WEAK = YES;
				CLANG_WARN_BLOCK_CAPTURE_AUTORELEASING = YES;
				CLANG_WARN_BOOL_CONVERSION = YES;
				CLANG_WARN_COMMA = YES;
				CLANG_WARN_CONSTANT_CONVERSION = YES;
				CLANG_WARN_DEPRECATED_OBJC_IMPLEMENTATIONS = YES;
				CLANG_WARN_DIRECT_OBJC_ISA_USAGE = YES_ERROR;
				CLANG_WARN_DOCUMENTATION_COMMENTS = YES;
				CLANG_WARN_EMPTY_BODY = YES;
				CLANG_WARN_ENUM_CONVERSION = YES;
				CLANG_WARN_INFINITE_RECURSION = YES;
				CLANG_WARN_INT_CONVERSION = YES;
				CLANG_WARN_NON_LITERAL_NULL_CONVERSION = YES;
				CLANG_WARN_OBJC_IMPLICIT_RETAIN_SELF = YES;
				CLANG_WARN_OBJC_LITERAL_CONVERSION = YES;
				CLANG_WARN_OBJC_ROOT_CLASS = YES_ERROR;
				CLANG_WARN_QUOTED_INCLUDE_IN_FRAMEWORK_HEADER = YES;
				CLANG_WARN_RANGE_LOOP_ANALYSIS = YES;
				CLANG_WARN_STRICT_PROTOTYPES = YES;
				CLANG_WARN_SUSPICIOUS_MOVE = YES;
				CLANG_WARN_UNGUARDED_AVAILABILITY = YES_AGGRESSIVE;
				CLANG_WARN_UNREACHABLE_CODE = YES;
				CLANG_WARN__DUPLICATE_METHOD_MATCH = YES;
				COPY_PHASE_STRIP = NO;
				DEBUG_INFORMATION_FORMAT = dwarf;
				ENABLE_STRICT_OBJC_MSGSEND = YES;
				ENABLE_TESTABILITY = YES;
				GCC_C_LANGUAGE_STANDARD = gnu11;
				GCC_DYNAMIC_NO_PIC = NO;
				GCC_NO_COMMON_BLOCKS = YES;
				GCC_OPTIMIZATION_LEVEL = 0;
				GCC_PREPROCESSOR_DEFINITIONS = (
					"DEBUG=1",
					"$(inherited)",
				);
				GCC_WARN_64_TO_32_BIT_CONVERSION = YES;
				GCC_WARN_ABOUT_RETURN_TYPE = YES_ERROR;
				GCC_WARN_UNDECLARED_SELECTOR = YES;
				GCC_WARN_UNINITIALIZED_AUTOS = YES_AGGRESSIVE;
				GCC_WARN_UNUSED_FUNCTION = YES;
				GCC_WARN_UNUSED_VARIABLE = YES;
				IPHONEOS_DEPLOYMENT_TARGET = 16.1;
				MTL_ENABLE_DEBUG_INFO = INCLUDE_SOURCE;
				MTL_FAST_MATH = YES;
				ONLY_ACTIVE_ARCH = YES;
				SDKROOT = iphoneos;
				SWIFT_ACTIVE_COMPILATION_CONDITIONS = DEBUG;
				SWIFT_OPTIMIZATION_LEVEL = "-Onone";
			};
			name = Debug;
		};
		88CC1C0029C45C330033BCD6 /* Release */ = {
			isa = XCBuildConfiguration;
			buildSettings = {
				ALWAYS_SEARCH_USER_PATHS = NO;
				CLANG_ANALYZER_NONNULL = YES;
				CLANG_ANALYZER_NUMBER_OBJECT_CONVERSION = YES_AGGRESSIVE;
				CLANG_CXX_LANGUAGE_STANDARD = "gnu++20";
				CLANG_ENABLE_MODULES = YES;
				CLANG_ENABLE_OBJC_ARC = YES;
				CLANG_ENABLE_OBJC_WEAK = YES;
				CLANG_WARN_BLOCK_CAPTURE_AUTORELEASING = YES;
				CLANG_WARN_BOOL_CONVERSION = YES;
				CLANG_WARN_COMMA = YES;
				CLANG_WARN_CONSTANT_CONVERSION = YES;
				CLANG_WARN_DEPRECATED_OBJC_IMPLEMENTATIONS = YES;
				CLANG_WARN_DIRECT_OBJC_ISA_USAGE = YES_ERROR;
				CLANG_WARN_DOCUMENTATION_COMMENTS = YES;
				CLANG_WARN_EMPTY_BODY = YES;
				CLANG_WARN_ENUM_CONVERSION = YES;
				CLANG_WARN_INFINITE_RECURSION = YES;
				CLANG_WARN_INT_CONVERSION = YES;
				CLANG_WARN_NON_LITERAL_NULL_CONVERSION = YES;
				CLANG_WARN_OBJC_IMPLICIT_RETAIN_SELF = YES;
				CLANG_WARN_OBJC_LITERAL_CONVERSION = YES;
				CLANG_WARN_OBJC_ROOT_CLASS = YES_ERROR;
				CLANG_WARN_QUOTED_INCLUDE_IN_FRAMEWORK_HEADER = YES;
				CLANG_WARN_RANGE_LOOP_ANALYSIS = YES;
				CLANG_WARN_STRICT_PROTOTYPES = YES;
				CLANG_WARN_SUSPICIOUS_MOVE = YES;
				CLANG_WARN_UNGUARDED_AVAILABILITY = YES_AGGRESSIVE;
				CLANG_WARN_UNREACHABLE_CODE = YES;
				CLANG_WARN__DUPLICATE_METHOD_MATCH = YES;
				COPY_PHASE_STRIP = NO;
				DEBUG_INFORMATION_FORMAT = "dwarf-with-dsym";
				ENABLE_NS_ASSERTIONS = NO;
				ENABLE_STRICT_OBJC_MSGSEND = YES;
				GCC_C_LANGUAGE_STANDARD = gnu11;
				GCC_NO_COMMON_BLOCKS = YES;
				GCC_WARN_64_TO_32_BIT_CONVERSION = YES;
				GCC_WARN_ABOUT_RETURN_TYPE = YES_ERROR;
				GCC_WARN_UNDECLARED_SELECTOR = YES;
				GCC_WARN_UNINITIALIZED_AUTOS = YES_AGGRESSIVE;
				GCC_WARN_UNUSED_FUNCTION = YES;
				GCC_WARN_UNUSED_VARIABLE = YES;
				IPHONEOS_DEPLOYMENT_TARGET = 16.1;
				MTL_ENABLE_DEBUG_INFO = NO;
				MTL_FAST_MATH = YES;
				SDKROOT = iphoneos;
				SWIFT_COMPILATION_MODE = wholemodule;
				SWIFT_OPTIMIZATION_LEVEL = "-O";
				VALIDATE_PRODUCT = YES;
			};
			name = Release;
		};
		88CC1C0229C45C330033BCD6 /* Debug */ = {
			isa = XCBuildConfiguration;
			buildSettings = {
				ASSETCATALOG_COMPILER_APPICON_NAME = AppIcon;
				ASSETCATALOG_COMPILER_GLOBAL_ACCENT_COLOR_NAME = AccentColor;
				CODE_SIGN_STYLE = Automatic;
				CURRENT_PROJECT_VERSION = 1;
				DEVELOPMENT_ASSET_PATHS = "\"ChatGPT-Hackathon/Preview Content\"";
				DEVELOPMENT_TEAM = GDYD2673BP;
				ENABLE_PREVIEWS = YES;
				GENERATE_INFOPLIST_FILE = YES;
				INFOPLIST_KEY_UIApplicationSceneManifest_Generation = YES;
				INFOPLIST_KEY_UIApplicationSupportsIndirectInputEvents = YES;
				INFOPLIST_KEY_UILaunchScreen_Generation = YES;
				INFOPLIST_KEY_UISupportedInterfaceOrientations_iPad = "UIInterfaceOrientationPortrait UIInterfaceOrientationPortraitUpsideDown UIInterfaceOrientationLandscapeLeft UIInterfaceOrientationLandscapeRight";
				INFOPLIST_KEY_UISupportedInterfaceOrientations_iPhone = "UIInterfaceOrientationPortrait UIInterfaceOrientationLandscapeLeft UIInterfaceOrientationLandscapeRight";
				LD_RUNPATH_SEARCH_PATHS = (
					"$(inherited)",
					"@executable_path/Frameworks",
				);
				MARKETING_VERSION = 1.0;
				PRODUCT_BUNDLE_IDENTIFIER = "Com.Farah.ChatGPT-Hackathon";
				PRODUCT_NAME = "$(TARGET_NAME)";
				SWIFT_EMIT_LOC_STRINGS = YES;
				SWIFT_VERSION = 5.0;
				TARGETED_DEVICE_FAMILY = "1,2";
			};
			name = Debug;
		};
		88CC1C0329C45C330033BCD6 /* Release */ = {
			isa = XCBuildConfiguration;
			buildSettings = {
				ASSETCATALOG_COMPILER_APPICON_NAME = AppIcon;
				ASSETCATALOG_COMPILER_GLOBAL_ACCENT_COLOR_NAME = AccentColor;
				CODE_SIGN_STYLE = Automatic;
				CURRENT_PROJECT_VERSION = 1;
				DEVELOPMENT_ASSET_PATHS = "\"ChatGPT-Hackathon/Preview Content\"";
				DEVELOPMENT_TEAM = GDYD2673BP;
				ENABLE_PREVIEWS = YES;
				GENERATE_INFOPLIST_FILE = YES;
				INFOPLIST_KEY_UIApplicationSceneManifest_Generation = YES;
				INFOPLIST_KEY_UIApplicationSupportsIndirectInputEvents = YES;
				INFOPLIST_KEY_UILaunchScreen_Generation = YES;
				INFOPLIST_KEY_UISupportedInterfaceOrientations_iPad = "UIInterfaceOrientationPortrait UIInterfaceOrientationPortraitUpsideDown UIInterfaceOrientationLandscapeLeft UIInterfaceOrientationLandscapeRight";
				INFOPLIST_KEY_UISupportedInterfaceOrientations_iPhone = "UIInterfaceOrientationPortrait UIInterfaceOrientationLandscapeLeft UIInterfaceOrientationLandscapeRight";
				LD_RUNPATH_SEARCH_PATHS = (
					"$(inherited)",
					"@executable_path/Frameworks",
				);
				MARKETING_VERSION = 1.0;
				PRODUCT_BUNDLE_IDENTIFIER = "Com.Farah.ChatGPT-Hackathon";
				PRODUCT_NAME = "$(TARGET_NAME)";
				SWIFT_EMIT_LOC_STRINGS = YES;
				SWIFT_VERSION = 5.0;
				TARGETED_DEVICE_FAMILY = "1,2";
			};
			name = Release;
		};
/* End XCBuildConfiguration section */

/* Begin XCConfigurationList section */
		88CC1BEE29C45C320033BCD6 /* Build configuration list for PBXProject "ChatGPT-Hackathon" */ = {
			isa = XCConfigurationList;
			buildConfigurations = (
				88CC1BFF29C45C330033BCD6 /* Debug */,
				88CC1C0029C45C330033BCD6 /* Release */,
			);
			defaultConfigurationIsVisible = 0;
			defaultConfigurationName = Release;
		};
		88CC1C0129C45C330033BCD6 /* Build configuration list for PBXNativeTarget "ChatGPT-Hackathon" */ = {
			isa = XCConfigurationList;
			buildConfigurations = (
				88CC1C0229C45C330033BCD6 /* Debug */,
				88CC1C0329C45C330033BCD6 /* Release */,
			);
			defaultConfigurationIsVisible = 0;
			defaultConfigurationName = Release;
		};
/* End XCConfigurationList section */
	};
	rootObject = 88CC1BEB29C45C320033BCD6 /* Project object */;
}
